// !$*UTF8*$!
{
	archiveVersion = 1;
	classes = {
	};
	objectVersion = 55;
	objects = {

/* Begin PBXBuildFile section */
		422688892770C93300B41B74 /* SuggestedContactsResponse.swift in Sources */ = {isa = PBXBuildFile; fileRef = 422688882770C93300B41B74 /* SuggestedContactsResponse.swift */; };
		422688902770D41900B41B74 /* EndpointProtocol.swift in Sources */ = {isa = PBXBuildFile; fileRef = 4226888F2770D41900B41B74 /* EndpointProtocol.swift */; };
		422688922770D50300B41B74 /* NetworkError.swift in Sources */ = {isa = PBXBuildFile; fileRef = 422688912770D50300B41B74 /* NetworkError.swift */; };
		422688952770D60100B41B74 /* RoundedImageView.swift in Sources */ = {isa = PBXBuildFile; fileRef = 422688942770D60100B41B74 /* RoundedImageView.swift */; };
		42268897277882DC00B41B74 /* ContactsTableViewController.swift in Sources */ = {isa = PBXBuildFile; fileRef = 42268896277882DC00B41B74 /* ContactsTableViewController.swift */; };
		4226889927788B3800B41B74 /* NewContactViewController.swift in Sources */ = {isa = PBXBuildFile; fileRef = 4226889827788B3800B41B74 /* NewContactViewController.swift */; };
		4226889B27790A0400B41B74 /* ContactRealm.swift in Sources */ = {isa = PBXBuildFile; fileRef = 4226889A27790A0400B41B74 /* ContactRealm.swift */; };
		4226889D2784560200B41B74 /* SuggestedContactCell.swift in Sources */ = {isa = PBXBuildFile; fileRef = 4226889C2784560200B41B74 /* SuggestedContactCell.swift */; };
		4228B808275E10F300D10B33 /* AppDelegate.swift in Sources */ = {isa = PBXBuildFile; fileRef = 4228B807275E10F300D10B33 /* AppDelegate.swift */; };
		4228B80A275E10F300D10B33 /* SceneDelegate.swift in Sources */ = {isa = PBXBuildFile; fileRef = 4228B809275E10F300D10B33 /* SceneDelegate.swift */; };
		4228B80F275E10F300D10B33 /* Main.storyboard in Resources */ = {isa = PBXBuildFile; fileRef = 4228B80D275E10F300D10B33 /* Main.storyboard */; };
		4228B811275E10F500D10B33 /* Assets.xcassets in Resources */ = {isa = PBXBuildFile; fileRef = 4228B810275E10F500D10B33 /* Assets.xcassets */; };
		4228B814275E10F500D10B33 /* LaunchScreen.storyboard in Resources */ = {isa = PBXBuildFile; fileRef = 4228B812275E10F500D10B33 /* LaunchScreen.storyboard */; };
		4228B81C275E127900D10B33 /* NetworkManager.swift in Sources */ = {isa = PBXBuildFile; fileRef = 4228B81B275E127900D10B33 /* NetworkManager.swift */; };
		4228B81E275E129E00D10B33 /* SuggestedContactsViewController.swift in Sources */ = {isa = PBXBuildFile; fileRef = 4228B81D275E129E00D10B33 /* SuggestedContactsViewController.swift */; };
		4228B820275E12D500D10B33 /* SuggestedContact.swift in Sources */ = {isa = PBXBuildFile; fileRef = 4228B81F275E12D500D10B33 /* SuggestedContact.swift */; };
		4228B822275E3DC200D10B33 /* DetailInfoViewController.swift in Sources */ = {isa = PBXBuildFile; fileRef = 4228B821275E3DC200D10B33 /* DetailInfoViewController.swift */; };
		4228B824275E9CC700D10B33 /* ContactTableViewCell.swift in Sources */ = {isa = PBXBuildFile; fileRef = 4228B823275E9CC700D10B33 /* ContactTableViewCell.swift */; };
		4228B82E2761128B00D10B33 /* ContactsNetworkManager.swift in Sources */ = {isa = PBXBuildFile; fileRef = 4228B82D2761128B00D10B33 /* ContactsNetworkManager.swift */; };
		42573508276A37D500529CD8 /* StorageManager.swift in Sources */ = {isa = PBXBuildFile; fileRef = 42573507276A37D500529CD8 /* StorageManager.swift */; };
		42F403732768FF40001FC613 /* UIViewController+Alert.swift in Sources */ = {isa = PBXBuildFile; fileRef = 42F403722768FF40001FC613 /* UIViewController+Alert.swift */; };
		E227AE3E656A4110860B245D /* Pods_ContactsList.framework in Frameworks */ = {isa = PBXBuildFile; fileRef = F7A8CCF20C1D7EF334EF63A9 /* Pods_ContactsList.framework */; };
/* End PBXBuildFile section */

/* Begin PBXFileReference section */
		06A4768B2C3A066D0EB6037D /* Pods-ContactsList.release.xcconfig */ = {isa = PBXFileReference; includeInIndex = 1; lastKnownFileType = text.xcconfig; name = "Pods-ContactsList.release.xcconfig"; path = "Target Support Files/Pods-ContactsList/Pods-ContactsList.release.xcconfig"; sourceTree = "<group>"; };
		422688882770C93300B41B74 /* SuggestedContactsResponse.swift */ = {isa = PBXFileReference; lastKnownFileType = sourcecode.swift; path = SuggestedContactsResponse.swift; sourceTree = "<group>"; };
		4226888F2770D41900B41B74 /* EndpointProtocol.swift */ = {isa = PBXFileReference; lastKnownFileType = sourcecode.swift; path = EndpointProtocol.swift; sourceTree = "<group>"; };
		422688912770D50300B41B74 /* NetworkError.swift */ = {isa = PBXFileReference; lastKnownFileType = sourcecode.swift; path = NetworkError.swift; sourceTree = "<group>"; };
		422688942770D60100B41B74 /* RoundedImageView.swift */ = {isa = PBXFileReference; lastKnownFileType = sourcecode.swift; path = RoundedImageView.swift; sourceTree = "<group>"; };
		42268896277882DC00B41B74 /* ContactsTableViewController.swift */ = {isa = PBXFileReference; lastKnownFileType = sourcecode.swift; path = ContactsTableViewController.swift; sourceTree = "<group>"; };
		4226889827788B3800B41B74 /* NewContactViewController.swift */ = {isa = PBXFileReference; lastKnownFileType = sourcecode.swift; path = NewContactViewController.swift; sourceTree = "<group>"; };
		4226889A27790A0400B41B74 /* ContactRealm.swift */ = {isa = PBXFileReference; lastKnownFileType = sourcecode.swift; path = ContactRealm.swift; sourceTree = "<group>"; };
		4226889C2784560200B41B74 /* SuggestedContactCell.swift */ = {isa = PBXFileReference; lastKnownFileType = sourcecode.swift; path = SuggestedContactCell.swift; sourceTree = "<group>"; };
		4228B804275E10F300D10B33 /* ContactsList.app */ = {isa = PBXFileReference; explicitFileType = wrapper.application; includeInIndex = 0; path = ContactsList.app; sourceTree = BUILT_PRODUCTS_DIR; };
		4228B807275E10F300D10B33 /* AppDelegate.swift */ = {isa = PBXFileReference; lastKnownFileType = sourcecode.swift; path = AppDelegate.swift; sourceTree = "<group>"; };
		4228B809275E10F300D10B33 /* SceneDelegate.swift */ = {isa = PBXFileReference; lastKnownFileType = sourcecode.swift; path = SceneDelegate.swift; sourceTree = "<group>"; };
		4228B80E275E10F300D10B33 /* Base */ = {isa = PBXFileReference; lastKnownFileType = file.storyboard; name = Base; path = Base.lproj/Main.storyboard; sourceTree = "<group>"; };
		4228B810275E10F500D10B33 /* Assets.xcassets */ = {isa = PBXFileReference; lastKnownFileType = folder.assetcatalog; path = Assets.xcassets; sourceTree = "<group>"; };
		4228B813275E10F500D10B33 /* Base */ = {isa = PBXFileReference; lastKnownFileType = file.storyboard; name = Base; path = Base.lproj/LaunchScreen.storyboard; sourceTree = "<group>"; };
		4228B815275E10F500D10B33 /* Info.plist */ = {isa = PBXFileReference; lastKnownFileType = text.plist.xml; path = Info.plist; sourceTree = "<group>"; };
		4228B81B275E127900D10B33 /* NetworkManager.swift */ = {isa = PBXFileReference; lastKnownFileType = sourcecode.swift; path = NetworkManager.swift; sourceTree = "<group>"; };
		4228B81D275E129E00D10B33 /* SuggestedContactsViewController.swift */ = {isa = PBXFileReference; lastKnownFileType = sourcecode.swift; path = SuggestedContactsViewController.swift; sourceTree = "<group>"; };
		4228B81F275E12D500D10B33 /* SuggestedContact.swift */ = {isa = PBXFileReference; lastKnownFileType = sourcecode.swift; path = SuggestedContact.swift; sourceTree = "<group>"; };
		4228B821275E3DC200D10B33 /* DetailInfoViewController.swift */ = {isa = PBXFileReference; lastKnownFileType = sourcecode.swift; path = DetailInfoViewController.swift; sourceTree = "<group>"; };
		4228B823275E9CC700D10B33 /* ContactTableViewCell.swift */ = {isa = PBXFileReference; lastKnownFileType = sourcecode.swift; path = ContactTableViewCell.swift; sourceTree = "<group>"; };
		4228B82D2761128B00D10B33 /* ContactsNetworkManager.swift */ = {isa = PBXFileReference; lastKnownFileType = sourcecode.swift; path = ContactsNetworkManager.swift; sourceTree = "<group>"; };
		42573507276A37D500529CD8 /* StorageManager.swift */ = {isa = PBXFileReference; lastKnownFileType = sourcecode.swift; path = StorageManager.swift; sourceTree = "<group>"; };
		42F403722768FF40001FC613 /* UIViewController+Alert.swift */ = {isa = PBXFileReference; lastKnownFileType = sourcecode.swift; path = "UIViewController+Alert.swift"; sourceTree = "<group>"; };
		DE224A4A19460065084541A2 /* Pods-ContactsList.debug.xcconfig */ = {isa = PBXFileReference; includeInIndex = 1; lastKnownFileType = text.xcconfig; name = "Pods-ContactsList.debug.xcconfig"; path = "Target Support Files/Pods-ContactsList/Pods-ContactsList.debug.xcconfig"; sourceTree = "<group>"; };
		F7A8CCF20C1D7EF334EF63A9 /* Pods_ContactsList.framework */ = {isa = PBXFileReference; explicitFileType = wrapper.framework; includeInIndex = 0; path = Pods_ContactsList.framework; sourceTree = BUILT_PRODUCTS_DIR; };
/* End PBXFileReference section */

/* Begin PBXFrameworksBuildPhase section */
		4228B801275E10F300D10B33 /* Frameworks */ = {
			isa = PBXFrameworksBuildPhase;
			buildActionMask = 2147483647;
			files = (
				E227AE3E656A4110860B245D /* Pods_ContactsList.framework in Frameworks */,
			);
			runOnlyForDeploymentPostprocessing = 0;
		};
/* End PBXFrameworksBuildPhase section */

/* Begin PBXGroup section */
		4226888B2770C9DE00B41B74 /* Network */ = {
			isa = PBXGroup;
			children = (
				4226888F2770D41900B41B74 /* EndpointProtocol.swift */,
				4228B81B275E127900D10B33 /* NetworkManager.swift */,
				4226888C2770C9EC00B41B74 /* Contacts */,
			);
			path = Network;
			sourceTree = "<group>";
		};
		4226888C2770C9EC00B41B74 /* Contacts */ = {
			isa = PBXGroup;
			children = (
				4226888E2770CA4D00B41B74 /* Models */,
				4228B82D2761128B00D10B33 /* ContactsNetworkManager.swift */,
				422688912770D50300B41B74 /* NetworkError.swift */,
			);
			path = Contacts;
			sourceTree = "<group>";
		};
		4226888D2770CA2600B41B74 /* Storage */ = {
			isa = PBXGroup;
			children = (
				42573507276A37D500529CD8 /* StorageManager.swift */,
			);
			path = Storage;
			sourceTree = "<group>";
		};
		4226888E2770CA4D00B41B74 /* Models */ = {
			isa = PBXGroup;
			children = (
				422688882770C93300B41B74 /* SuggestedContactsResponse.swift */,
			);
			path = Models;
			sourceTree = "<group>";
		};
		422688932770D5BC00B41B74 /* ImageViews */ = {
			isa = PBXGroup;
			children = (
				422688942770D60100B41B74 /* RoundedImageView.swift */,
			);
			path = ImageViews;
			sourceTree = "<group>";
		};
		4228B7FB275E10F300D10B33 = {
			isa = PBXGroup;
			children = (
				4228B806275E10F300D10B33 /* ContactsList */,
				4228B805275E10F300D10B33 /* Products */,
				AFB3283436D9470E2D9F6D1B /* Pods */,
				E821B8FC23535005FEF692BD /* Frameworks */,
			);
			sourceTree = "<group>";
		};
		4228B805275E10F300D10B33 /* Products */ = {
			isa = PBXGroup;
			children = (
				4228B804275E10F300D10B33 /* ContactsList.app */,
			);
			name = Products;
			sourceTree = "<group>";
		};
		4228B806275E10F300D10B33 /* ContactsList */ = {
			isa = PBXGroup;
			children = (
				4228B827275F364300D10B33 /* Services */,
				4228B829275F366200D10B33 /* ViewControllers */,
				42F403712768FF13001FC613 /* Extensions */,
				4228B828275F365300D10B33 /* Models */,
				4228B82C275F36F900D10B33 /* App */,
				4228B82A275F368900D10B33 /* StoryBoards */,
				4228B82B275F36E600D10B33 /* Resources */,
				4228B825275F362400D10B33 /* Views */,
			);
			path = ContactsList;
			sourceTree = "<group>";
		};
		4228B825275F362400D10B33 /* Views */ = {
			isa = PBXGroup;
			children = (
				422688932770D5BC00B41B74 /* ImageViews */,
				4228B826275F362C00D10B33 /* Cells */,
			);
			path = Views;
			sourceTree = "<group>";
		};
		4228B826275F362C00D10B33 /* Cells */ = {
			isa = PBXGroup;
			children = (
				4228B823275E9CC700D10B33 /* ContactTableViewCell.swift */,
				4226889C2784560200B41B74 /* SuggestedContactCell.swift */,
			);
			path = Cells;
			sourceTree = "<group>";
		};
		4228B827275F364300D10B33 /* Services */ = {
			isa = PBXGroup;
			children = (
				4226888D2770CA2600B41B74 /* Storage */,
				4226888B2770C9DE00B41B74 /* Network */,
			);
			path = Services;
			sourceTree = "<group>";
		};
		4228B828275F365300D10B33 /* Models */ = {
			isa = PBXGroup;
			children = (
				4228B81F275E12D500D10B33 /* SuggestedContact.swift */,
				4226889A27790A0400B41B74 /* ContactRealm.swift */,
			);
			path = Models;
			sourceTree = "<group>";
		};
		4228B829275F366200D10B33 /* ViewControllers */ = {
			isa = PBXGroup;
			children = (
				42268896277882DC00B41B74 /* ContactsTableViewController.swift */,
				4226889827788B3800B41B74 /* NewContactViewController.swift */,
				4228B81D275E129E00D10B33 /* SuggestedContactsViewController.swift */,
				4228B821275E3DC200D10B33 /* DetailInfoViewController.swift */,
			);
			path = ViewControllers;
			sourceTree = "<group>";
		};
		4228B82A275F368900D10B33 /* StoryBoards */ = {
			isa = PBXGroup;
			children = (
				4228B80D275E10F300D10B33 /* Main.storyboard */,
				4228B812275E10F500D10B33 /* LaunchScreen.storyboard */,
			);
			path = StoryBoards;
			sourceTree = "<group>";
		};
		4228B82B275F36E600D10B33 /* Resources */ = {
			isa = PBXGroup;
			children = (
				4228B810275E10F500D10B33 /* Assets.xcassets */,
			);
			path = Resources;
			sourceTree = "<group>";
		};
		4228B82C275F36F900D10B33 /* App */ = {
			isa = PBXGroup;
			children = (
				4228B807275E10F300D10B33 /* AppDelegate.swift */,
				4228B809275E10F300D10B33 /* SceneDelegate.swift */,
				4228B815275E10F500D10B33 /* Info.plist */,
			);
			path = App;
			sourceTree = "<group>";
		};
		42F403712768FF13001FC613 /* Extensions */ = {
			isa = PBXGroup;
			children = (
				42F403722768FF40001FC613 /* UIViewController+Alert.swift */,
			);
			path = Extensions;
			sourceTree = "<group>";
		};
		AFB3283436D9470E2D9F6D1B /* Pods */ = {
			isa = PBXGroup;
			children = (
				DE224A4A19460065084541A2 /* Pods-ContactsList.debug.xcconfig */,
				06A4768B2C3A066D0EB6037D /* Pods-ContactsList.release.xcconfig */,
			);
			path = Pods;
			sourceTree = "<group>";
		};
		E821B8FC23535005FEF692BD /* Frameworks */ = {
			isa = PBXGroup;
			children = (
				F7A8CCF20C1D7EF334EF63A9 /* Pods_ContactsList.framework */,
			);
			name = Frameworks;
			sourceTree = "<group>";
		};
/* End PBXGroup section */

/* Begin PBXNativeTarget section */
		4228B803275E10F300D10B33 /* ContactsList */ = {
			isa = PBXNativeTarget;
			buildConfigurationList = 4228B818275E10F500D10B33 /* Build configuration list for PBXNativeTarget "ContactsList" */;
			buildPhases = (
				2F5481CEDC85383829F1A5D3 /* [CP] Check Pods Manifest.lock */,
				4228B800275E10F300D10B33 /* Sources */,
				4228B801275E10F300D10B33 /* Frameworks */,
				4228B802275E10F300D10B33 /* Resources */,
				0AF01D3A6BCFE5C7A1E29C48 /* [CP] Embed Pods Frameworks */,
			);
			buildRules = (
			);
			dependencies = (
			);
			name = ContactsList;
			productName = ContactsList;
			productReference = 4228B804275E10F300D10B33 /* ContactsList.app */;
			productType = "com.apple.product-type.application";
		};
/* End PBXNativeTarget section */

/* Begin PBXProject section */
		4228B7FC275E10F300D10B33 /* Project object */ = {
			isa = PBXProject;
			attributes = {
				BuildIndependentTargetsInParallel = 1;
				LastSwiftUpdateCheck = 1310;
				LastUpgradeCheck = 1310;
				TargetAttributes = {
					4228B803275E10F300D10B33 = {
						CreatedOnToolsVersion = 13.1;
					};
				};
			};
			buildConfigurationList = 4228B7FF275E10F300D10B33 /* Build configuration list for PBXProject "ContactsList" */;
			compatibilityVersion = "Xcode 13.0";
			developmentRegion = en;
			hasScannedForEncodings = 0;
			knownRegions = (
				en,
				Base,
			);
			mainGroup = 4228B7FB275E10F300D10B33;
			productRefGroup = 4228B805275E10F300D10B33 /* Products */;
			projectDirPath = "";
			projectRoot = "";
			targets = (
				4228B803275E10F300D10B33 /* ContactsList */,
			);
		};
/* End PBXProject section */

/* Begin PBXResourcesBuildPhase section */
		4228B802275E10F300D10B33 /* Resources */ = {
			isa = PBXResourcesBuildPhase;
			buildActionMask = 2147483647;
			files = (
				4228B814275E10F500D10B33 /* LaunchScreen.storyboard in Resources */,
				4228B811275E10F500D10B33 /* Assets.xcassets in Resources */,
				4228B80F275E10F300D10B33 /* Main.storyboard in Resources */,
			);
			runOnlyForDeploymentPostprocessing = 0;
		};
/* End PBXResourcesBuildPhase section */

/* Begin PBXShellScriptBuildPhase section */
		0AF01D3A6BCFE5C7A1E29C48 /* [CP] Embed Pods Frameworks */ = {
			isa = PBXShellScriptBuildPhase;
			buildActionMask = 2147483647;
			files = (
			);
			inputFileListPaths = (
				"${PODS_ROOT}/Target Support Files/Pods-ContactsList/Pods-ContactsList-frameworks-${CONFIGURATION}-input-files.xcfilelist",
			);
			name = "[CP] Embed Pods Frameworks";
			outputFileListPaths = (
				"${PODS_ROOT}/Target Support Files/Pods-ContactsList/Pods-ContactsList-frameworks-${CONFIGURATION}-output-files.xcfilelist",
			);
			runOnlyForDeploymentPostprocessing = 0;
			shellPath = /bin/sh;
			shellScript = "\"${PODS_ROOT}/Target Support Files/Pods-ContactsList/Pods-ContactsList-frameworks.sh\"\n";
			showEnvVarsInLog = 0;
		};
		2F5481CEDC85383829F1A5D3 /* [CP] Check Pods Manifest.lock */ = {
			isa = PBXShellScriptBuildPhase;
			buildActionMask = 2147483647;
			files = (
			);
			inputFileListPaths = (
			);
			inputPaths = (
				"${PODS_PODFILE_DIR_PATH}/Podfile.lock",
				"${PODS_ROOT}/Manifest.lock",
			);
			name = "[CP] Check Pods Manifest.lock";
			outputFileListPaths = (
			);
			outputPaths = (
				"$(DERIVED_FILE_DIR)/Pods-ContactsList-checkManifestLockResult.txt",
			);
			runOnlyForDeploymentPostprocessing = 0;
			shellPath = /bin/sh;
			shellScript = "diff \"${PODS_PODFILE_DIR_PATH}/Podfile.lock\" \"${PODS_ROOT}/Manifest.lock\" > /dev/null\nif [ $? != 0 ] ; then\n    # print error to STDERR\n    echo \"error: The sandbox is not in sync with the Podfile.lock. Run 'pod install' or update your CocoaPods installation.\" >&2\n    exit 1\nfi\n# This output is used by Xcode 'outputs' to avoid re-running this script phase.\necho \"SUCCESS\" > \"${SCRIPT_OUTPUT_FILE_0}\"\n";
			showEnvVarsInLog = 0;
		};
/* End PBXShellScriptBuildPhase section */

/* Begin PBXSourcesBuildPhase section */
		4228B800275E10F300D10B33 /* Sources */ = {
			isa = PBXSourcesBuildPhase;
			buildActionMask = 2147483647;
			files = (
				422688902770D41900B41B74 /* EndpointProtocol.swift in Sources */,
				42F403732768FF40001FC613 /* UIViewController+Alert.swift in Sources */,
				4228B822275E3DC200D10B33 /* DetailInfoViewController.swift in Sources */,
				422688892770C93300B41B74 /* SuggestedContactsResponse.swift in Sources */,
				4228B820275E12D500D10B33 /* SuggestedContact.swift in Sources */,
				42268897277882DC00B41B74 /* ContactsTableViewController.swift in Sources */,
				4228B81C275E127900D10B33 /* NetworkManager.swift in Sources */,
				422688952770D60100B41B74 /* RoundedImageView.swift in Sources */,
				4226889D2784560200B41B74 /* SuggestedContactCell.swift in Sources */,
				4228B82E2761128B00D10B33 /* ContactsNetworkManager.swift in Sources */,
				4228B824275E9CC700D10B33 /* ContactTableViewCell.swift in Sources */,
				4228B81E275E129E00D10B33 /* SuggestedContactsViewController.swift in Sources */,
				4226889B27790A0400B41B74 /* ContactRealm.swift in Sources */,
				42573508276A37D500529CD8 /* StorageManager.swift in Sources */,
				422688922770D50300B41B74 /* NetworkError.swift in Sources */,
				4228B808275E10F300D10B33 /* AppDelegate.swift in Sources */,
				4226889927788B3800B41B74 /* NewContactViewController.swift in Sources */,
				4228B80A275E10F300D10B33 /* SceneDelegate.swift in Sources */,
			);
			runOnlyForDeploymentPostprocessing = 0;
		};
/* End PBXSourcesBuildPhase section */

/* Begin PBXVariantGroup section */
		4228B80D275E10F300D10B33 /* Main.storyboard */ = {
			isa = PBXVariantGroup;
			children = (
				4228B80E275E10F300D10B33 /* Base */,
			);
			name = Main.storyboard;
			sourceTree = "<group>";
		};
		4228B812275E10F500D10B33 /* LaunchScreen.storyboard */ = {
			isa = PBXVariantGroup;
			children = (
				4228B813275E10F500D10B33 /* Base */,
			);
			name = LaunchScreen.storyboard;
			sourceTree = "<group>";
		};
/* End PBXVariantGroup section */

/* Begin XCBuildConfiguration section */
		4228B816275E10F500D10B33 /* Debug */ = {
			isa = XCBuildConfiguration;
			buildSettings = {
				ALWAYS_SEARCH_USER_PATHS = NO;
				CLANG_ANALYZER_NONNULL = YES;
				CLANG_ANALYZER_NUMBER_OBJECT_CONVERSION = YES_AGGRESSIVE;
				CLANG_CXX_LANGUAGE_STANDARD = "gnu++17";
				CLANG_CXX_LIBRARY = "libc++";
				CLANG_ENABLE_MODULES = YES;
				CLANG_ENABLE_OBJC_ARC = YES;
				CLANG_ENABLE_OBJC_WEAK = YES;
				CLANG_WARN_BLOCK_CAPTURE_AUTORELEASING = YES;
				CLANG_WARN_BOOL_CONVERSION = YES;
				CLANG_WARN_COMMA = YES;
				CLANG_WARN_CONSTANT_CONVERSION = YES;
				CLANG_WARN_DEPRECATED_OBJC_IMPLEMENTATIONS = YES;
				CLANG_WARN_DIRECT_OBJC_ISA_USAGE = YES_ERROR;
				CLANG_WARN_DOCUMENTATION_COMMENTS = YES;
				CLANG_WARN_EMPTY_BODY = YES;
				CLANG_WARN_ENUM_CONVERSION = YES;
				CLANG_WARN_INFINITE_RECURSION = YES;
				CLANG_WARN_INT_CONVERSION = YES;
				CLANG_WARN_NON_LITERAL_NULL_CONVERSION = YES;
				CLANG_WARN_OBJC_IMPLICIT_RETAIN_SELF = YES;
				CLANG_WARN_OBJC_LITERAL_CONVERSION = YES;
				CLANG_WARN_OBJC_ROOT_CLASS = YES_ERROR;
				CLANG_WARN_QUOTED_INCLUDE_IN_FRAMEWORK_HEADER = YES;
				CLANG_WARN_RANGE_LOOP_ANALYSIS = YES;
				CLANG_WARN_STRICT_PROTOTYPES = YES;
				CLANG_WARN_SUSPICIOUS_MOVE = YES;
				CLANG_WARN_UNGUARDED_AVAILABILITY = YES_AGGRESSIVE;
				CLANG_WARN_UNREACHABLE_CODE = YES;
				CLANG_WARN__DUPLICATE_METHOD_MATCH = YES;
				COPY_PHASE_STRIP = NO;
				DEBUG_INFORMATION_FORMAT = dwarf;
				ENABLE_STRICT_OBJC_MSGSEND = YES;
				ENABLE_TESTABILITY = YES;
				GCC_C_LANGUAGE_STANDARD = gnu11;
				GCC_DYNAMIC_NO_PIC = NO;
				GCC_NO_COMMON_BLOCKS = YES;
				GCC_OPTIMIZATION_LEVEL = 0;
				GCC_PREPROCESSOR_DEFINITIONS = (
					"DEBUG=1",
					"$(inherited)",
				);
				GCC_WARN_64_TO_32_BIT_CONVERSION = YES;
				GCC_WARN_ABOUT_RETURN_TYPE = YES_ERROR;
				GCC_WARN_UNDECLARED_SELECTOR = YES;
				GCC_WARN_UNINITIALIZED_AUTOS = YES_AGGRESSIVE;
				GCC_WARN_UNUSED_FUNCTION = YES;
				GCC_WARN_UNUSED_VARIABLE = YES;
				IPHONEOS_DEPLOYMENT_TARGET = 13.0;
				MTL_ENABLE_DEBUG_INFO = INCLUDE_SOURCE;
				MTL_FAST_MATH = YES;
				ONLY_ACTIVE_ARCH = YES;
				SDKROOT = iphoneos;
				SWIFT_ACTIVE_COMPILATION_CONDITIONS = DEBUG;
				SWIFT_OPTIMIZATION_LEVEL = "-Onone";
			};
			name = Debug;
		};
		4228B817275E10F500D10B33 /* Release */ = {
			isa = XCBuildConfiguration;
			buildSettings = {
				ALWAYS_SEARCH_USER_PATHS = NO;
				CLANG_ANALYZER_NONNULL = YES;
				CLANG_ANALYZER_NUMBER_OBJECT_CONVERSION = YES_AGGRESSIVE;
				CLANG_CXX_LANGUAGE_STANDARD = "gnu++17";
				CLANG_CXX_LIBRARY = "libc++";
				CLANG_ENABLE_MODULES = YES;
				CLANG_ENABLE_OBJC_ARC = YES;
				CLANG_ENABLE_OBJC_WEAK = YES;
				CLANG_WARN_BLOCK_CAPTURE_AUTORELEASING = YES;
				CLANG_WARN_BOOL_CONVERSION = YES;
				CLANG_WARN_COMMA = YES;
				CLANG_WARN_CONSTANT_CONVERSION = YES;
				CLANG_WARN_DEPRECATED_OBJC_IMPLEMENTATIONS = YES;
				CLANG_WARN_DIRECT_OBJC_ISA_USAGE = YES_ERROR;
				CLANG_WARN_DOCUMENTATION_COMMENTS = YES;
				CLANG_WARN_EMPTY_BODY = YES;
				CLANG_WARN_ENUM_CONVERSION = YES;
				CLANG_WARN_INFINITE_RECURSION = YES;
				CLANG_WARN_INT_CONVERSION = YES;
				CLANG_WARN_NON_LITERAL_NULL_CONVERSION = YES;
				CLANG_WARN_OBJC_IMPLICIT_RETAIN_SELF = YES;
				CLANG_WARN_OBJC_LITERAL_CONVERSION = YES;
				CLANG_WARN_OBJC_ROOT_CLASS = YES_ERROR;
				CLANG_WARN_QUOTED_INCLUDE_IN_FRAMEWORK_HEADER = YES;
				CLANG_WARN_RANGE_LOOP_ANALYSIS = YES;
				CLANG_WARN_STRICT_PROTOTYPES = YES;
				CLANG_WARN_SUSPICIOUS_MOVE = YES;
				CLANG_WARN_UNGUARDED_AVAILABILITY = YES_AGGRESSIVE;
				CLANG_WARN_UNREACHABLE_CODE = YES;
				CLANG_WARN__DUPLICATE_METHOD_MATCH = YES;
				COPY_PHASE_STRIP = NO;
				DEBUG_INFORMATION_FORMAT = "dwarf-with-dsym";
				ENABLE_NS_ASSERTIONS = NO;
				ENABLE_STRICT_OBJC_MSGSEND = YES;
				GCC_C_LANGUAGE_STANDARD = gnu11;
				GCC_NO_COMMON_BLOCKS = YES;
				GCC_WARN_64_TO_32_BIT_CONVERSION = YES;
				GCC_WARN_ABOUT_RETURN_TYPE = YES_ERROR;
				GCC_WARN_UNDECLARED_SELECTOR = YES;
				GCC_WARN_UNINITIALIZED_AUTOS = YES_AGGRESSIVE;
				GCC_WARN_UNUSED_FUNCTION = YES;
				GCC_WARN_UNUSED_VARIABLE = YES;
				IPHONEOS_DEPLOYMENT_TARGET = 13.0;
				MTL_ENABLE_DEBUG_INFO = NO;
				MTL_FAST_MATH = YES;
				SDKROOT = iphoneos;
				SWIFT_COMPILATION_MODE = wholemodule;
				SWIFT_OPTIMIZATION_LEVEL = "-O";
				VALIDATE_PRODUCT = YES;
			};
			name = Release;
		};
		4228B819275E10F500D10B33 /* Debug */ = {
			isa = XCBuildConfiguration;
			baseConfigurationReference = DE224A4A19460065084541A2 /* Pods-ContactsList.debug.xcconfig */;
			buildSettings = {
				ASSETCATALOG_COMPILER_APPICON_NAME = AppIcon;
				ASSETCATALOG_COMPILER_GLOBAL_ACCENT_COLOR_NAME = AccentColor;
				CODE_SIGN_STYLE = Automatic;
				CURRENT_PROJECT_VERSION = 1;
				DEVELOPMENT_TEAM = 3PVRW477K7;
				GENERATE_INFOPLIST_FILE = YES;
				INFOPLIST_FILE = ContactsList/App/Info.plist;
				INFOPLIST_KEY_UIApplicationSupportsIndirectInputEvents = YES;
				INFOPLIST_KEY_UILaunchStoryboardName = LaunchScreen;
				INFOPLIST_KEY_UIMainStoryboardFile = Main;
				INFOPLIST_KEY_UISupportedInterfaceOrientations_iPad = "UIInterfaceOrientationPortrait UIInterfaceOrientationPortraitUpsideDown UIInterfaceOrientationLandscapeLeft UIInterfaceOrientationLandscapeRight";
				INFOPLIST_KEY_UISupportedInterfaceOrientations_iPhone = "UIInterfaceOrientationPortrait UIInterfaceOrientationLandscapeLeft UIInterfaceOrientationLandscapeRight";
				IPHONEOS_DEPLOYMENT_TARGET = 13.0;
				LD_RUNPATH_SEARCH_PATHS = (
					"$(inherited)",
					"@executable_path/Frameworks",
				);
				MARKETING_VERSION = 1.0.0;
				PRODUCT_BUNDLE_IDENTIFIER = AAjr.ContactsList;
				PRODUCT_NAME = "$(TARGET_NAME)";
				SWIFT_EMIT_LOC_STRINGS = YES;
				SWIFT_VERSION = 5.0;
				TARGETED_DEVICE_FAMILY = 1;
			};
			name = Debug;
		};
		4228B81A275E10F500D10B33 /* Release */ = {
			isa = XCBuildConfiguration;
			baseConfigurationReference = 06A4768B2C3A066D0EB6037D /* Pods-ContactsList.release.xcconfig */;
			buildSettings = {
				ASSETCATALOG_COMPILER_APPICON_NAME = AppIcon;
				ASSETCATALOG_COMPILER_GLOBAL_ACCENT_COLOR_NAME = AccentColor;
				CODE_SIGN_STYLE = Automatic;
				CURRENT_PROJECT_VERSION = 1;
				DEVELOPMENT_TEAM = 3PVRW477K7;
				GENERATE_INFOPLIST_FILE = YES;
				INFOPLIST_FILE = ContactsList/App/Info.plist;
				INFOPLIST_KEY_UIApplicationSupportsIndirectInputEvents = YES;
				INFOPLIST_KEY_UILaunchStoryboardName = LaunchScreen;
				INFOPLIST_KEY_UIMainStoryboardFile = Main;
				INFOPLIST_KEY_UISupportedInterfaceOrientations_iPad = "UIInterfaceOrientationPortrait UIInterfaceOrientationPortraitUpsideDown UIInterfaceOrientationLandscapeLeft UIInterfaceOrientationLandscapeRight";
				INFOPLIST_KEY_UISupportedInterfaceOrientations_iPhone = "UIInterfaceOrientationPortrait UIInterfaceOrientationLandscapeLeft UIInterfaceOrientationLandscapeRight";
				IPHONEOS_DEPLOYMENT_TARGET = 13.0;
				LD_RUNPATH_SEARCH_PATHS = (
					"$(inherited)",
					"@executable_path/Frameworks",
				);
				MARKETING_VERSION = 1.0.0;
				PRODUCT_BUNDLE_IDENTIFIER = AAjr.ContactsList;
				PRODUCT_NAME = "$(TARGET_NAME)";
				SWIFT_EMIT_LOC_STRINGS = YES;
				SWIFT_VERSION = 5.0;
				TARGETED_DEVICE_FAMILY = 1;
			};
			name = Release;
		};
/* End XCBuildConfiguration section */

/* Begin XCConfigurationList section */
		4228B7FF275E10F300D10B33 /* Build configuration list for PBXProject "ContactsList" */ = {
			isa = XCConfigurationList;
			buildConfigurations = (
				4228B816275E10F500D10B33 /* Debug */,
				4228B817275E10F500D10B33 /* Release */,
			);
			defaultConfigurationIsVisible = 0;
			defaultConfigurationName = Release;
		};
		4228B818275E10F500D10B33 /* Build configuration list for PBXNativeTarget "ContactsList" */ = {
			isa = XCConfigurationList;
			buildConfigurations = (
				4228B819275E10F500D10B33 /* Debug */,
				4228B81A275E10F500D10B33 /* Release */,
			);
			defaultConfigurationIsVisible = 0;
			defaultConfigurationName = Release;
		};
/* End XCConfigurationList section */
	};
	rootObject = 4228B7FC275E10F300D10B33 /* Project object */;
}
